
Microsoft Visual Studio Solution File, Format Version 12.00
# Visual Studio 15
VisualStudioVersion = 15.0.26430.16
MinimumVisualStudioVersion = 10.0.40219.1
Project("{FAE04EC0-301F-11D3-BF4B-00C04F79EFBC}") = "AppleStoreLibrary01", "AppleStoreLibrary01\AppleStoreLibrary01.csproj", "{14C658D2-E6FC-4D7C-A8F9-9B665BA26EB8}"
EndProject
Project("{FAE04EC0-301F-11D3-BF4B-00C04F79EFBC}") = "Example01", "Example01\Example01.csproj", "{271B1DA0-9CF1-440A-9B88-4A6B90797AC9}"
EndProject
Project("{FAE04EC0-301F-11D3-BF4B-00C04F79EFBC}") = "Example02", "Example02\Example02.csproj", "{26EA4C5C-5132-46D9-8806-7D7295530337}"
EndProject
Global
	GlobalSection(SolutionConfigurationPlatforms) = preSolution
		Debug|Any CPU = Debug|Any CPU
		Release|Any CPU = Release|Any CPU
	EndGlobalSection
	GlobalSection(ProjectConfigurationPlatforms) = postSolution
		{14C658D2-E6FC-4D7C-A8F9-9B665BA26EB8}.Debug|Any CPU.ActiveCfg = Debug|Any CPU
		{14C658D2-E6FC-4D7C-A8F9-9B665BA26EB8}.Debug|Any CPU.Build.0 = Debug|Any CPU
		{14C658D2-E6FC-4D7C-A8F9-9B665BA26EB8}.Release|Any CPU.ActiveCfg = Release|Any CPU
		{14C658D2-E6FC-4D7C-A8F9-9B665BA26EB8}.Release|Any CPU.Build.0 = Release|Any CPU
		{271B1DA0-9CF1-440A-9B88-4A6B90797AC9}.Debug|Any CPU.ActiveCfg = Debug|Any CPU
		{271B1DA0-9CF1-440A-9B88-4A6B90797AC9}.Debug|Any CPU.Build.0 = Debug|Any CPU
		{271B1DA0-9CF1-440A-9B88-4A6B90797AC9}.Release|Any CPU.ActiveCfg = Release|Any CPU
		{271B1DA0-9CF1-440A-9B88-4A6B90797AC9}.Release|Any CPU.Build.0 = Release|Any CPU
		{26EA4C5C-5132-46D9-8806-7D7295530337}.Debug|Any CPU.ActiveCfg = Debug|Any CPU
		{26EA4C5C-5132-46D9-8806-7D7295530337}.Debug|Any CPU.Build.0 = Debug|Any CPU
		{26EA4C5C-5132-46D9-8806-7D7295530337}.Release|Any CPU.ActiveCfg = Release|Any CPU
		{26EA4C5C-5132-46D9-8806-7D7295530337}.Release|Any CPU.Build.0 = Release|Any CPU
	EndGlobalSection
	GlobalSection(SolutionProperties) = preSolution
		HideSolutionNode = FALSE
	EndGlobalSection
EndGlobal
